
Microsoft Visual Studio Solution File, Format Version 12.00
# Visual Studio Version 17
VisualStudioVersion = 17.9.34622.214
MinimumVisualStudioVersion = 10.0.40219.1
Project("{FAE04EC0-301F-11D3-BF4B-00C04F79EFBC}") = "Calculadora de capital", "Calculadora de capital\Calculadora de capital.csproj", "{6CF1EFF1-EE65-48FE-98D8-D1F99F24C2FC}"
EndProject
Global
	GlobalSection(SolutionConfigurationPlatforms) = preSolution
		Debug|Any CPU = Debug|Any CPU
		Release|Any CPU = Release|Any CPU
	EndGlobalSection
	GlobalSection(ProjectConfigurationPlatforms) = postSolution
		{6CF1EFF1-EE65-48FE-98D8-D1F99F24C2FC}.Debug|Any CPU.ActiveCfg = Debug|Any CPU
		{6CF1EFF1-EE65-48FE-98D8-D1F99F24C2FC}.Debug|Any CPU.Build.0 = Debug|Any CPU
		{6CF1EFF1-EE65-48FE-98D8-D1F99F24C2FC}.Release|Any CPU.ActiveCfg = Release|Any CPU
		{6CF1EFF1-EE65-48FE-98D8-D1F99F24C2FC}.Release|Any CPU.Build.0 = Release|Any CPU
	EndGlobalSection
	GlobalSection(SolutionProperties) = preSolution
		HideSolutionNode = FALSE
	EndGlobalSection
	GlobalSection(ExtensibilityGlobals) = postSolution
		SolutionGuid = {DBC0BFD0-84B8-4BAF-A365-16F7397AD7C7}
	EndGlobalSection
EndGlobal
